<Solution>
  <Folder Name="/Docs/">
    <File Path="Yarito.Framework/AdminPanelReport.md" />
  </Folder>
  <Folder Name="/src/" />
  <Folder Name="/src/00_Framework/">
    <Project Path="Yarito.Framework/Yarito.Framework.csproj" Id="dae01fa2-2ce4-41bf-a7fc-5fdaa67199cf" />
  </Folder>
  <Folder Name="/src/01_Domain/" />
  <Folder Name="/src/01_Domain/Core/">
    <Project Path="Yarito.Domain.Core/Yarito.Domain.Core.csproj" />
  </Folder>
  <Folder Name="/src/01_Domain/Services/">
    <Project Path="Yarito.Domain.AppServices/Yarito.Domain.AppServices.csproj" />
    <Project Path="Yarito.Domain.Services/Yarito.Domain.Services.csproj" />
  </Folder>
  <Folder Name="/src/02_Infrastructure/" />
  <Folder Name="/src/02_Infrastructure/DataAccess/">
    <Project Path="Yarito.Infra.DataAccess.EFCore/Yarito.Infra.DataAccess.EFCore.csproj" />
    <Project Path="Yarito.Infra.DataAccess.Storage/Yarito.Infra.DataAccess.Storage.csproj" Id="c2ba7472-21ec-43cf-8b19-bde1591c9847" />
  </Folder>
  <Folder Name="/src/02_Infrastructure/Database/">
    <Project Path="Yarito.Infra.Database.SQLServer.EFCore/Yarito.Infra.Database.SQLServer.EFCore.csproj" />
    <Project Path="Yarito.Infra.Database.SQLServer.Identity/Yarito.Infra.Database.SQLServer.Identity.csproj" Id="82bbfbc6-f728-4e4c-9a43-420c097a7d10" />
  </Folder>
  <Folder Name="/src/03_Endpoint/">
    <Project Path="Yarito.Endpoint.WebApp.MVC/Yarito.Endpoint.WebApp.MVC.csproj" />
  </Folder>
</Solution>
